// !$*UTF8*$!
{
	archiveVersion = 1;
	classes = {
	};
	objectVersion = 46;
	objects = {

/* Begin PBXBuildFile section */
		D13D8B811A7013B600303DF3 /* AppDelegate.swift in Sources */ = {isa = PBXBuildFile; fileRef = D13D8B801A7013B600303DF3 /* AppDelegate.swift */; };
		D13D8B831A7013B600303DF3 /* MasterViewController.swift in Sources */ = {isa = PBXBuildFile; fileRef = D13D8B821A7013B600303DF3 /* MasterViewController.swift */; };
		D13D8B851A7013B600303DF3 /* DetailViewController.swift in Sources */ = {isa = PBXBuildFile; fileRef = D13D8B841A7013B600303DF3 /* DetailViewController.swift */; };
		D13D8B881A7013B600303DF3 /* Main.storyboard in Resources */ = {isa = PBXBuildFile; fileRef = D13D8B861A7013B600303DF3 /* Main.storyboard */; };
		D13D8B8A1A7013B600303DF3 /* Images.xcassets in Resources */ = {isa = PBXBuildFile; fileRef = D13D8B891A7013B600303DF3 /* Images.xcassets */; };
		D13D8B8D1A7013B600303DF3 /* LaunchScreen.xib in Resources */ = {isa = PBXBuildFile; fileRef = D13D8B8B1A7013B600303DF3 /* LaunchScreen.xib */; };
		D13D8B991A7013B700303DF3 /* GrandSlamTests.swift in Sources */ = {isa = PBXBuildFile; fileRef = D13D8B981A7013B700303DF3 /* GrandSlamTests.swift */; };
/* End PBXBuildFile section */

/* Begin PBXContainerItemProxy section */
		D13D8B931A7013B700303DF3 /* PBXContainerItemProxy */ = {
			isa = PBXContainerItemProxy;
			containerPortal = D13D8B731A7013B600303DF3 /* Project object */;
			proxyType = 1;
			remoteGlobalIDString = D13D8B7A1A7013B600303DF3;
			remoteInfo = GrandSlam;
		};
/* End PBXContainerItemProxy section */

/* Begin PBXFileReference section */
		D13D8B7B1A7013B600303DF3 /* GrandSlam.app */ = {isa = PBXFileReference; explicitFileType = wrapper.application; includeInIndex = 0; path = GrandSlam.app; sourceTree = BUILT_PRODUCTS_DIR; };
		D13D8B7F1A7013B600303DF3 /* Info.plist */ = {isa = PBXFileReference; lastKnownFileType = text.plist.xml; path = Info.plist; sourceTree = "<group>"; };
		D13D8B801A7013B600303DF3 /* AppDelegate.swift */ = {isa = PBXFileReference; lastKnownFileType = sourcecode.swift; path = AppDelegate.swift; sourceTree = "<group>"; };
		D13D8B821A7013B600303DF3 /* MasterViewController.swift */ = {isa = PBXFileReference; lastKnownFileType = sourcecode.swift; path = MasterViewController.swift; sourceTree = "<group>"; };
		D13D8B841A7013B600303DF3 /* DetailViewController.swift */ = {isa = PBXFileReference; lastKnownFileType = sourcecode.swift; path = DetailViewController.swift; sourceTree = "<group>"; };
		D13D8B871A7013B600303DF3 /* Base */ = {isa = PBXFileReference; lastKnownFileType = file.storyboard; name = Base; path = Base.lproj/Main.storyboard; sourceTree = "<group>"; };
		D13D8B891A7013B600303DF3 /* Images.xcassets */ = {isa = PBXFileReference; lastKnownFileType = folder.assetcatalog; path = Images.xcassets; sourceTree = "<group>"; };
		D13D8B8C1A7013B600303DF3 /* Base */ = {isa = PBXFileReference; lastKnownFileType = file.xib; name = Base; path = Base.lproj/LaunchScreen.xib; sourceTree = "<group>"; };
		D13D8B921A7013B700303DF3 /* GrandSlamTests.xctest */ = {isa = PBXFileReference; explicitFileType = wrapper.cfbundle; includeInIndex = 0; path = GrandSlamTests.xctest; sourceTree = BUILT_PRODUCTS_DIR; };
		D13D8B971A7013B700303DF3 /* Info.plist */ = {isa = PBXFileReference; lastKnownFileType = text.plist.xml; path = Info.plist; sourceTree = "<group>"; };
		D13D8B981A7013B700303DF3 /* GrandSlamTests.swift */ = {isa = PBXFileReference; lastKnownFileType = sourcecode.swift; path = GrandSlamTests.swift; sourceTree = "<group>"; };
/* End PBXFileReference section */

/* Begin PBXFrameworksBuildPhase section */
		D13D8B781A7013B600303DF3 /* Frameworks */ = {
			isa = PBXFrameworksBuildPhase;
			buildActionMask = 2147483647;
			files = (
			);
			runOnlyForDeploymentPostprocessing = 0;
		};
		D13D8B8F1A7013B700303DF3 /* Frameworks */ = {
			isa = PBXFrameworksBuildPhase;
			buildActionMask = 2147483647;
			files = (
			);
			runOnlyForDeploymentPostprocessing = 0;
		};
/* End PBXFrameworksBuildPhase section */

/* Begin PBXGroup section */
		D13D8B721A7013B600303DF3 = {
			isa = PBXGroup;
			children = (
				D13D8B7D1A7013B600303DF3 /* GrandSlam */,
				D13D8B951A7013B700303DF3 /* GrandSlamTests */,
				D13D8B7C1A7013B600303DF3 /* Products */,
			);
			sourceTree = "<group>";
		};
		D13D8B7C1A7013B600303DF3 /* Products */ = {
			isa = PBXGroup;
			children = (
				D13D8B7B1A7013B600303DF3 /* GrandSlam.app */,
				D13D8B921A7013B700303DF3 /* GrandSlamTests.xctest */,
			);
			name = Products;
			sourceTree = "<group>";
		};
		D13D8B7D1A7013B600303DF3 /* GrandSlam */ = {
			isa = PBXGroup;
			children = (
				D13D8B801A7013B600303DF3 /* AppDelegate.swift */,
				D13D8B821A7013B600303DF3 /* MasterViewController.swift */,
				D13D8B841A7013B600303DF3 /* DetailViewController.swift */,
				D13D8B861A7013B600303DF3 /* Main.storyboard */,
				D13D8B891A7013B600303DF3 /* Images.xcassets */,
				D13D8B8B1A7013B600303DF3 /* LaunchScreen.xib */,
				D13D8B7E1A7013B600303DF3 /* Supporting Files */,
			);
			path = GrandSlam;
			sourceTree = "<group>";
		};
		D13D8B7E1A7013B600303DF3 /* Supporting Files */ = {
			isa = PBXGroup;
			children = (
				D13D8B7F1A7013B600303DF3 /* Info.plist */,
			);
			name = "Supporting Files";
			sourceTree = "<group>";
		};
		D13D8B951A7013B700303DF3 /* GrandSlamTests */ = {
			isa = PBXGroup;
			children = (
				D13D8B981A7013B700303DF3 /* GrandSlamTests.swift */,
				D13D8B961A7013B700303DF3 /* Supporting Files */,
			);
			path = GrandSlamTests;
			sourceTree = "<group>";
		};
		D13D8B961A7013B700303DF3 /* Supporting Files */ = {
			isa = PBXGroup;
			children = (
				D13D8B971A7013B700303DF3 /* Info.plist */,
			);
			name = "Supporting Files";
			sourceTree = "<group>";
		};
/* End PBXGroup section */

/* Begin PBXNativeTarget section */
		D13D8B7A1A7013B600303DF3 /* GrandSlam */ = {
			isa = PBXNativeTarget;
			buildConfigurationList = D13D8B9C1A7013B700303DF3 /* Build configuration list for PBXNativeTarget "GrandSlam" */;
			buildPhases = (
				D13D8B771A7013B600303DF3 /* Sources */,
				D13D8B781A7013B600303DF3 /* Frameworks */,
				D13D8B791A7013B600303DF3 /* Resources */,
			);
			buildRules = (
			);
			dependencies = (
			);
			name = GrandSlam;
			productName = GrandSlam;
			productReference = D13D8B7B1A7013B600303DF3 /* GrandSlam.app */;
			productType = "com.apple.product-type.application";
		};
		D13D8B911A7013B700303DF3 /* GrandSlamTests */ = {
			isa = PBXNativeTarget;
			buildConfigurationList = D13D8B9F1A7013B700303DF3 /* Build configuration list for PBXNativeTarget "GrandSlamTests" */;
			buildPhases = (
				D13D8B8E1A7013B700303DF3 /* Sources */,
				D13D8B8F1A7013B700303DF3 /* Frameworks */,
				D13D8B901A7013B700303DF3 /* Resources */,
			);
			buildRules = (
			);
			dependencies = (
				D13D8B941A7013B700303DF3 /* PBXTargetDependency */,
			);
			name = GrandSlamTests;
			productName = GrandSlamTests;
			productReference = D13D8B921A7013B700303DF3 /* GrandSlamTests.xctest */;
			productType = "com.apple.product-type.bundle.unit-test";
		};
/* End PBXNativeTarget section */

/* Begin PBXProject section */
		D13D8B731A7013B600303DF3 /* Project object */ = {
			isa = PBXProject;
			attributes = {
				LastUpgradeCheck = 0610;
				ORGANIZATIONNAME = "Explocial 6";
				TargetAttributes = {
					D13D8B7A1A7013B600303DF3 = {
						CreatedOnToolsVersion = 6.1;
					};
					D13D8B911A7013B700303DF3 = {
						CreatedOnToolsVersion = 6.1;
						TestTargetID = D13D8B7A1A7013B600303DF3;
					};
				};
			};
			buildConfigurationList = D13D8B761A7013B600303DF3 /* Build configuration list for PBXProject "GrandSlam" */;
			compatibilityVersion = "Xcode 3.2";
			developmentRegion = English;
			hasScannedForEncodings = 0;
			knownRegions = (
				en,
				Base,
			);
			mainGroup = D13D8B721A7013B600303DF3;
			productRefGroup = D13D8B7C1A7013B600303DF3 /* Products */;
			projectDirPath = "";
			projectRoot = "";
			targets = (
				D13D8B7A1A7013B600303DF3 /* GrandSlam */,
				D13D8B911A7013B700303DF3 /* GrandSlamTests */,
			);
		};
/* End PBXProject section */

/* Begin PBXResourcesBuildPhase section */
		D13D8B791A7013B600303DF3 /* Resources */ = {
			isa = PBXResourcesBuildPhase;
			buildActionMask = 2147483647;
			files = (
				D13D8B881A7013B600303DF3 /* Main.storyboard in Resources */,
				D13D8B8D1A7013B600303DF3 /* LaunchScreen.xib in Resources */,
				D13D8B8A1A7013B600303DF3 /* Images.xcassets in Resources */,
			);
			runOnlyForDeploymentPostprocessing = 0;
		};
		D13D8B901A7013B700303DF3 /* Resources */ = {
			isa = PBXResourcesBuildPhase;
			buildActionMask = 2147483647;
			files = (
			);
			runOnlyForDeploymentPostprocessing = 0;
		};
/* End PBXResourcesBuildPhase section */

/* Begin PBXSourcesBuildPhase section */
		D13D8B771A7013B600303DF3 /* Sources */ = {
			isa = PBXSourcesBuildPhase;
			buildActionMask = 2147483647;
			files = (
				D13D8B851A7013B600303DF3 /* DetailViewController.swift in Sources */,
				D13D8B831A7013B600303DF3 /* MasterViewController.swift in Sources */,
				D13D8B811A7013B600303DF3 /* AppDelegate.swift in Sources */,
			);
			runOnlyForDeploymentPostprocessing = 0;
		};
		D13D8B8E1A7013B700303DF3 /* Sources */ = {
			isa = PBXSourcesBuildPhase;
			buildActionMask = 2147483647;
			files = (
				D13D8B991A7013B700303DF3 /* GrandSlamTests.swift in Sources */,
			);
			runOnlyForDeploymentPostprocessing = 0;
		};
/* End PBXSourcesBuildPhase section */

/* Begin PBXTargetDependency section */
		D13D8B941A7013B700303DF3 /* PBXTargetDependency */ = {
			isa = PBXTargetDependency;
			target = D13D8B7A1A7013B600303DF3 /* GrandSlam */;
			targetProxy = D13D8B931A7013B700303DF3 /* PBXContainerItemProxy */;
		};
/* End PBXTargetDependency section */

/* Begin PBXVariantGroup section */
		D13D8B861A7013B600303DF3 /* Main.storyboard */ = {
			isa = PBXVariantGroup;
			children = (
				D13D8B871A7013B600303DF3 /* Base */,
			);
			name = Main.storyboard;
			sourceTree = "<group>";
		};
		D13D8B8B1A7013B600303DF3 /* LaunchScreen.xib */ = {
			isa = PBXVariantGroup;
			children = (
				D13D8B8C1A7013B600303DF3 /* Base */,
			);
			name = LaunchScreen.xib;
			sourceTree = "<group>";
		};
/* End PBXVariantGroup section */

/* Begin XCBuildConfiguration section */
		D13D8B9A1A7013B700303DF3 /* Debug */ = {
			isa = XCBuildConfiguration;
			buildSettings = {
				ALWAYS_SEARCH_USER_PATHS = NO;
				CLANG_CXX_LANGUAGE_STANDARD = "gnu++0x";
				CLANG_CXX_LIBRARY = "libc++";
				CLANG_ENABLE_MODULES = YES;
				CLANG_ENABLE_OBJC_ARC = YES;
				CLANG_WARN_BOOL_CONVERSION = YES;
				CLANG_WARN_CONSTANT_CONVERSION = YES;
				CLANG_WARN_DIRECT_OBJC_ISA_USAGE = YES_ERROR;
				CLANG_WARN_EMPTY_BODY = YES;
				CLANG_WARN_ENUM_CONVERSION = YES;
				CLANG_WARN_INT_CONVERSION = YES;
				CLANG_WARN_OBJC_ROOT_CLASS = YES_ERROR;
				CLANG_WARN_UNREACHABLE_CODE = YES;
				CLANG_WARN__DUPLICATE_METHOD_MATCH = YES;
				"CODE_SIGN_IDENTITY[sdk=iphoneos*]" = "iPhone Developer";
				COPY_PHASE_STRIP = NO;
				ENABLE_STRICT_OBJC_MSGSEND = YES;
				GCC_C_LANGUAGE_STANDARD = gnu99;
				GCC_DYNAMIC_NO_PIC = NO;
				GCC_OPTIMIZATION_LEVEL = 0;
				GCC_PREPROCESSOR_DEFINITIONS = (
					"DEBUG=1",
					"$(inherited)",
				);
				GCC_SYMBOLS_PRIVATE_EXTERN = NO;
				GCC_WARN_64_TO_32_BIT_CONVERSION = YES;
				GCC_WARN_ABOUT_RETURN_TYPE = YES_ERROR;
				GCC_WARN_UNDECLARED_SELECTOR = YES;
				GCC_WARN_UNINITIALIZED_AUTOS = YES_AGGRESSIVE;
				GCC_WARN_UNUSED_FUNCTION = YES;
				GCC_WARN_UNUSED_VARIABLE = YES;
				IPHONEOS_DEPLOYMENT_TARGET = 8.1;
				MTL_ENABLE_DEBUG_INFO = YES;
				ONLY_ACTIVE_ARCH = YES;
				SDKROOT = iphoneos;
				SWIFT_OPTIMIZATION_LEVEL = "-Onone";
			};
			name = Debug;
		};
		D13D8B9B1A7013B700303DF3 /* Release */ = {
			isa = XCBuildConfiguration;
			buildSettings = {
				ALWAYS_SEARCH_USER_PATHS = NO;
				CLANG_CXX_LANGUAGE_STANDARD = "gnu++0x";
				CLANG_CXX_LIBRARY = "libc++";
				CLANG_ENABLE_MODULES = YES;
				CLANG_ENABLE_OBJC_ARC = YES;
				CLANG_WARN_BOOL_CONVERSION = YES;
				CLANG_WARN_CONSTANT_CONVERSION = YES;
				CLANG_WARN_DIRECT_OBJC_ISA_USAGE = YES_ERROR;
				CLANG_WARN_EMPTY_BODY = YES;
				CLANG_WARN_ENUM_CONVERSION = YES;
				CLANG_WARN_INT_CONVERSION = YES;
				CLANG_WARN_OBJC_ROOT_CLASS = YES_ERROR;
				CLANG_WARN_UNREACHABLE_CODE = YES;
				CLANG_WARN__DUPLICATE_METHOD_MATCH = YES;
				"CODE_SIGN_IDENTITY[sdk=iphoneos*]" = "iPhone Developer";
				COPY_PHASE_STRIP = YES;
				ENABLE_NS_ASSERTIONS = NO;
				ENABLE_STRICT_OBJC_MSGSEND = YES;
				GCC_C_LANGUAGE_STANDARD = gnu99;
				GCC_WARN_64_TO_32_BIT_CONVERSION = YES;
				GCC_WARN_ABOUT_RETURN_TYPE = YES_ERROR;
				GCC_WARN_UNDECLARED_SELECTOR = YES;
				GCC_WARN_UNINITIALIZED_AUTOS = YES_AGGRESSIVE;
				GCC_WARN_UNUSED_FUNCTION = YES;
				GCC_WARN_UNUSED_VARIABLE = YES;
				IPHONEOS_DEPLOYMENT_TARGET = 8.1;
				MTL_ENABLE_DEBUG_INFO = NO;
				SDKROOT = iphoneos;
				VALIDATE_PRODUCT = YES;
			};
			name = Release;
		};
		D13D8B9D1A7013B700303DF3 /* Debug */ = {
			isa = XCBuildConfiguration;
			buildSettings = {
				ASSETCATALOG_COMPILER_APPICON_NAME = AppIcon;
				INFOPLIST_FILE = GrandSlam/Info.plist;
				LD_RUNPATH_SEARCH_PATHS = "$(inherited) @executable_path/Frameworks";
				PRODUCT_NAME = "$(TARGET_NAME)";
			};
			name = Debug;
		};
		D13D8B9E1A7013B700303DF3 /* Release */ = {
			isa = XCBuildConfiguration;
			buildSettings = {
				ASSETCATALOG_COMPILER_APPICON_NAME = AppIcon;
				INFOPLIST_FILE = GrandSlam/Info.plist;
				LD_RUNPATH_SEARCH_PATHS = "$(inherited) @executable_path/Frameworks";
				PRODUCT_NAME = "$(TARGET_NAME)";
			};
			name = Release;
		};
		D13D8BA01A7013B700303DF3 /* Debug */ = {
			isa = XCBuildConfiguration;
			buildSettings = {
				BUNDLE_LOADER = "$(TEST_HOST)";
				FRAMEWORK_SEARCH_PATHS = (
					"$(SDKROOT)/Developer/Library/Frameworks",
					"$(inherited)",
				);
				GCC_PREPROCESSOR_DEFINITIONS = (
					"DEBUG=1",
					"$(inherited)",
				);
				INFOPLIST_FILE = GrandSlamTests/Info.plist;
				LD_RUNPATH_SEARCH_PATHS = "$(inherited) @executable_path/Frameworks @loader_path/Frameworks";
				PRODUCT_NAME = "$(TARGET_NAME)";
				TEST_HOST = "$(BUILT_PRODUCTS_DIR)/GrandSlam.app/GrandSlam";
			};
			name = Debug;
		};
		D13D8BA11A7013B700303DF3 /* Release */ = {
			isa = XCBuildConfiguration;
			buildSettings = {
				BUNDLE_LOADER = "$(TEST_HOST)";
				FRAMEWORK_SEARCH_PATHS = (
					"$(SDKROOT)/Developer/Library/Frameworks",
					"$(inherited)",
				);
				INFOPLIST_FILE = GrandSlamTests/Info.plist;
				LD_RUNPATH_SEARCH_PATHS = "$(inherited) @executable_path/Frameworks @loader_path/Frameworks";
				PRODUCT_NAME = "$(TARGET_NAME)";
				TEST_HOST = "$(BUILT_PRODUCTS_DIR)/GrandSlam.app/GrandSlam";
			};
			name = Release;
		};
/* End XCBuildConfiguration section */

/* Begin XCConfigurationList section */
		D13D8B761A7013B600303DF3 /* Build configuration list for PBXProject "GrandSlam" */ = {
			isa = XCConfigurationList;
			buildConfigurations = (
				D13D8B9A1A7013B700303DF3 /* Debug */,
				D13D8B9B1A7013B700303DF3 /* Release */,
			);
			defaultConfigurationIsVisible = 0;
			defaultConfigurationName = Release;
		};
		D13D8B9C1A7013B700303DF3 /* Build configuration list for PBXNativeTarget "GrandSlam" */ = {
			isa = XCConfigurationList;
			buildConfigurations = (
				D13D8B9D1A7013B700303DF3 /* Debug */,
				D13D8B9E1A7013B700303DF3 /* Release */,
			);
			defaultConfigurationIsVisible = 0;
		};
		D13D8B9F1A7013B700303DF3 /* Build configuration list for PBXNativeTarget "GrandSlamTests" */ = {
			isa = XCConfigurationList;
			buildConfigurations = (
				D13D8BA01A7013B700303DF3 /* Debug */,
				D13D8BA11A7013B700303DF3 /* Release */,
			);
			defaultConfigurationIsVisible = 0;
		};
/* End XCConfigurationList section */
	};
	rootObject = D13D8B731A7013B600303DF3 /* Project object */;
}
